// !$*UTF8*$!
{
	archiveVersion = 1;
	classes = {
	};
	objectVersion = 46;
	objects = {

/* Begin PBXBuildFile section */
		6306B1CC1A715DE5001CAE68 /* profileViewController.m in Sources */ = {isa = PBXBuildFile; fileRef = 6306B1CA1A715DE5001CAE68 /* profileViewController.m */; };
		6306B1CD1A715DE5001CAE68 /* profileViewController.xib in Resources */ = {isa = PBXBuildFile; fileRef = 6306B1CB1A715DE5001CAE68 /* profileViewController.xib */; };
		63C54D781A71503C00E34F5A /* dropdownMenuViewController.m in Sources */ = {isa = PBXBuildFile; fileRef = 63C54D771A71503C00E34F5A /* dropdownMenuViewController.m */; };
		63C54D7D1A71508D00E34F5A /* radialMenuViewController.m in Sources */ = {isa = PBXBuildFile; fileRef = 63C54D7B1A71508D00E34F5A /* radialMenuViewController.m */; };
		63C54D7E1A71508D00E34F5A /* radialMenuViewController.xib in Resources */ = {isa = PBXBuildFile; fileRef = 63C54D7C1A71508D00E34F5A /* radialMenuViewController.xib */; };
		63C54D861A7152B400E34F5A /* sideMenuLeftViewController.m in Sources */ = {isa = PBXBuildFile; fileRef = 63C54D811A7152B400E34F5A /* sideMenuLeftViewController.m */; };
		63C54D871A7152B400E34F5A /* sideMenuRightViewController.m in Sources */ = {isa = PBXBuildFile; fileRef = 63C54D831A7152B400E34F5A /* sideMenuRightViewController.m */; };
		63C54D881A7152B400E34F5A /* sideMenuRootViewController.m in Sources */ = {isa = PBXBuildFile; fileRef = 63C54D851A7152B400E34F5A /* sideMenuRootViewController.m */; };
		EE4243161A5EA97E00F4496B /* LaunchScreen.xib in Resources */ = {isa = PBXBuildFile; fileRef = EE4243151A5EA97E00F4496B /* LaunchScreen.xib */; };
		EE7A29821A63B11000715B42 /* homeViewController.m in Sources */ = {isa = PBXBuildFile; fileRef = EE7A29801A63B11000715B42 /* homeViewController.m */; };
		EE7A29831A63B11000715B42 /* homeViewController.xib in Resources */ = {isa = PBXBuildFile; fileRef = EE7A29811A63B11000715B42 /* homeViewController.xib */; };
		EE7A29881A63B6BD00715B42 /* disenyoViewController.m in Sources */ = {isa = PBXBuildFile; fileRef = EE7A29861A63B6BD00715B42 /* disenyoViewController.m */; };
		EE7A29891A63B6BD00715B42 /* disenyoViewController.xib in Resources */ = {isa = PBXBuildFile; fileRef = EE7A29871A63B6BD00715B42 /* disenyoViewController.xib */; };
		EE7A298D1A63B70A00715B42 /* sistemaUsuariosViewController.m in Sources */ = {isa = PBXBuildFile; fileRef = EE7A298B1A63B70A00715B42 /* sistemaUsuariosViewController.m */; };
		EE7A298E1A63B70A00715B42 /* sistemaUsuariosViewController.xib in Resources */ = {isa = PBXBuildFile; fileRef = EE7A298C1A63B70A00715B42 /* sistemaUsuariosViewController.xib */; };
		EE7A29921A63B71B00715B42 /* animacionesViewController.m in Sources */ = {isa = PBXBuildFile; fileRef = EE7A29901A63B71B00715B42 /* animacionesViewController.m */; };
		EE7A29931A63B71B00715B42 /* animacionesViewController.xib in Resources */ = {isa = PBXBuildFile; fileRef = EE7A29911A63B71B00715B42 /* animacionesViewController.xib */; };
		EE7A29971A63B75100715B42 /* socialViewController.m in Sources */ = {isa = PBXBuildFile; fileRef = EE7A29951A63B75100715B42 /* socialViewController.m */; };
		EE7A29981A63B75100715B42 /* socialViewController.xib in Resources */ = {isa = PBXBuildFile; fileRef = EE7A29961A63B75100715B42 /* socialViewController.xib */; };
		EE7A299C1A63B77700715B42 /* navegacionViewController.m in Sources */ = {isa = PBXBuildFile; fileRef = EE7A299A1A63B77700715B42 /* navegacionViewController.m */; };
		EE7A299D1A63B77700715B42 /* navegacionViewController.xib in Resources */ = {isa = PBXBuildFile; fileRef = EE7A299B1A63B77700715B42 /* navegacionViewController.xib */; };
		EE7A29A11A63B78300715B42 /* mediaViewController.m in Sources */ = {isa = PBXBuildFile; fileRef = EE7A299F1A63B78300715B42 /* mediaViewController.m */; };
		EE7A29A21A63B78300715B42 /* mediaViewController.xib in Resources */ = {isa = PBXBuildFile; fileRef = EE7A29A01A63B78300715B42 /* mediaViewController.xib */; };
		EE7A29A61A63B7A600715B42 /* pluginsViewController.m in Sources */ = {isa = PBXBuildFile; fileRef = EE7A29A41A63B7A600715B42 /* pluginsViewController.m */; };
		EE7A29A71A63B7A600715B42 /* pluginsViewController.xib in Resources */ = {isa = PBXBuildFile; fileRef = EE7A29A51A63B7A600715B42 /* pluginsViewController.xib */; };
		EE7A29AB1A63B7D900715B42 /* pushViewController.m in Sources */ = {isa = PBXBuildFile; fileRef = EE7A29A91A63B7D900715B42 /* pushViewController.m */; };
		EE7A29AC1A63B7D900715B42 /* pushViewController.xib in Resources */ = {isa = PBXBuildFile; fileRef = EE7A29AA1A63B7D900715B42 /* pushViewController.xib */; };
		EE7A29B01A63D06200715B42 /* SEASRN.ttf in Resources */ = {isa = PBXBuildFile; fileRef = EE7A29AF1A63D06200715B42 /* SEASRN.ttf */; };
		EE7A29B31A63D83400715B42 /* Static.otf in Resources */ = {isa = PBXBuildFile; fileRef = EE7A29B11A63D31900715B42 /* Static.otf */; };
		EE7A29B41A63D83700715B42 /* Yonna.ttf in Resources */ = {isa = PBXBuildFile; fileRef = EE7A29B21A63D31900715B42 /* Yonna.ttf */; };
		EE7A29B61A63F01600715B42 /* left.png in Resources */ = {isa = PBXBuildFile; fileRef = EE7A29B51A63F01600715B42 /* left.png */; };
		EE7A29B81A6526AB00715B42 /* checkboxes.png in Resources */ = {isa = PBXBuildFile; fileRef = EE7A29B71A6526AB00715B42 /* checkboxes.png */; };
		EE7A29BD1A6528CC00715B42 /* buttons.png in Resources */ = {isa = PBXBuildFile; fileRef = EE7A29B91A6528CC00715B42 /* buttons.png */; };
		EE7A29BE1A6528CC00715B42 /* iconos.png in Resources */ = {isa = PBXBuildFile; fileRef = EE7A29BA1A6528CC00715B42 /* iconos.png */; };
		EE7A29BF1A6528CC00715B42 /* inputs.png in Resources */ = {isa = PBXBuildFile; fileRef = EE7A29BB1A6528CC00715B42 /* inputs.png */; };
		EE7A29C01A6528CC00715B42 /* tipografias.png in Resources */ = {isa = PBXBuildFile; fileRef = EE7A29BC1A6528CC00715B42 /* tipografias.png */; };
		EE7A29CA1A652EC200715B42 /* inputsViewController.m in Sources */ = {isa = PBXBuildFile; fileRef = EE7A29C81A652EC200715B42 /* inputsViewController.m */; };
		EE7A29CB1A652EC200715B42 /* inputsViewController.xib in Resources */ = {isa = PBXBuildFile; fileRef = EE7A29C91A652EC200715B42 /* inputsViewController.xib */; };
		EE7A29CF1A652EDC00715B42 /* tipografiasViewController.m in Sources */ = {isa = PBXBuildFile; fileRef = EE7A29CD1A652EDC00715B42 /* tipografiasViewController.m */; };
		EE7A29D01A652EDC00715B42 /* tipografiasViewController.xib in Resources */ = {isa = PBXBuildFile; fileRef = EE7A29CE1A652EDC00715B42 /* tipografiasViewController.xib */; };
		EE7A29D71A652F2400715B42 /* buttonsViewController.m in Sources */ = {isa = PBXBuildFile; fileRef = EE7A29D51A652F2400715B42 /* buttonsViewController.m */; };
		EE7A29D81A652F2400715B42 /* buttonsViewController.xib in Resources */ = {isa = PBXBuildFile; fileRef = EE7A29D61A652F2400715B42 /* buttonsViewController.xib */; };
		EE7A29DC1A652F3300715B42 /* checkboxesViewController.m in Sources */ = {isa = PBXBuildFile; fileRef = EE7A29DA1A652F3300715B42 /* checkboxesViewController.m */; };
		EE7A29DD1A652F3300715B42 /* checkboxesViewController.xib in Resources */ = {isa = PBXBuildFile; fileRef = EE7A29DB1A652F3300715B42 /* checkboxesViewController.xib */; };
		EE7A29E11A652F3E00715B42 /* iconsViewController.m in Sources */ = {isa = PBXBuildFile; fileRef = EE7A29DF1A652F3E00715B42 /* iconsViewController.m */; };
		EE7A29E21A652F3E00715B42 /* iconsViewController.xib in Resources */ = {isa = PBXBuildFile; fileRef = EE7A29E01A652F3E00715B42 /* iconsViewController.xib */; };
		EE7A953E1A2DD35F0057465D /* main.m in Sources */ = {isa = PBXBuildFile; fileRef = EE7A953D1A2DD35F0057465D /* main.m */; };
		EE7A95411A2DD35F0057465D /* AppDelegate.m in Sources */ = {isa = PBXBuildFile; fileRef = EE7A95401A2DD35F0057465D /* AppDelegate.m */; };
		EE7A95491A2DD35F0057465D /* Images.xcassets in Resources */ = {isa = PBXBuildFile; fileRef = EE7A95481A2DD35F0057465D /* Images.xcassets */; };
		EE7A95581A2DD35F0057465D /* handsappTests.m in Sources */ = {isa = PBXBuildFile; fileRef = EE7A95571A2DD35F0057465D /* handsappTests.m */; };
		EE824BE01A37386E00E590B8 /* home.png in Resources */ = {isa = PBXBuildFile; fileRef = EE824BDF1A37386E00E590B8 /* home.png */; };
		EE824BE91A373A8C00E590B8 /* paperPlane.png in Resources */ = {isa = PBXBuildFile; fileRef = EE824BE21A373A8C00E590B8 /* paperPlane.png */; };
		EE824BEA1A373A8C00E590B8 /* pencil.png in Resources */ = {isa = PBXBuildFile; fileRef = EE824BE31A373A8C00E590B8 /* pencil.png */; };
		EE824BEB1A373A8C00E590B8 /* phone.png in Resources */ = {isa = PBXBuildFile; fileRef = EE824BE41A373A8C00E590B8 /* phone.png */; };
		EE824BEC1A373A8C00E590B8 /* photo.png in Resources */ = {isa = PBXBuildFile; fileRef = EE824BE51A373A8C00E590B8 /* photo.png */; };
		EE824BED1A373A8C00E590B8 /* thumb.png in Resources */ = {isa = PBXBuildFile; fileRef = EE824BE61A373A8C00E590B8 /* thumb.png */; };
		EE824BEE1A373A8C00E590B8 /* user.png in Resources */ = {isa = PBXBuildFile; fileRef = EE824BE71A373A8C00E590B8 /* user.png */; };
		EE824BFA1A374A9B00E590B8 /* compass.png in Resources */ = {isa = PBXBuildFile; fileRef = EE824BF81A374A9B00E590B8 /* compass.png */; };
		EE824BFB1A374A9B00E590B8 /* megaphone.png in Resources */ = {isa = PBXBuildFile; fileRef = EE824BF91A374A9B00E590B8 /* megaphone.png */; };
		F9D89AC0CC9785035F7EEDF9 /* libPods.a in Frameworks */ = {isa = PBXBuildFile; fileRef = 90CBBC5D1D5C4D5E491C54FC /* libPods.a */; };
/* End PBXBuildFile section */

/* Begin PBXContainerItemProxy section */
		EE7A95521A2DD35F0057465D /* PBXContainerItemProxy */ = {
			isa = PBXContainerItemProxy;
			containerPortal = EE7A95301A2DD35E0057465D /* Project object */;
			proxyType = 1;
			remoteGlobalIDString = EE7A95371A2DD35F0057465D;
			remoteInfo = handsapp;
		};
/* End PBXContainerItemProxy section */

/* Begin PBXFileReference section */
		6306B1C91A715DE5001CAE68 /* profileViewController.h */ = {isa = PBXFileReference; fileEncoding = 4; lastKnownFileType = sourcecode.c.h; path = profileViewController.h; sourceTree = "<group>"; };
		6306B1CA1A715DE5001CAE68 /* profileViewController.m */ = {isa = PBXFileReference; fileEncoding = 4; lastKnownFileType = sourcecode.c.objc; path = profileViewController.m; sourceTree = "<group>"; };
		6306B1CB1A715DE5001CAE68 /* profileViewController.xib */ = {isa = PBXFileReference; fileEncoding = 4; lastKnownFileType = file.xib; path = profileViewController.xib; sourceTree = "<group>"; };
		63C54D761A71503C00E34F5A /* dropdownMenuViewController.h */ = {isa = PBXFileReference; fileEncoding = 4; lastKnownFileType = sourcecode.c.h; path = dropdownMenuViewController.h; sourceTree = "<group>"; };
		63C54D771A71503C00E34F5A /* dropdownMenuViewController.m */ = {isa = PBXFileReference; fileEncoding = 4; lastKnownFileType = sourcecode.c.objc; path = dropdownMenuViewController.m; sourceTree = "<group>"; };
		63C54D7A1A71508D00E34F5A /* radialMenuViewController.h */ = {isa = PBXFileReference; fileEncoding = 4; lastKnownFileType = sourcecode.c.h; path = radialMenuViewController.h; sourceTree = "<group>"; };
		63C54D7B1A71508D00E34F5A /* radialMenuViewController.m */ = {isa = PBXFileReference; fileEncoding = 4; lastKnownFileType = sourcecode.c.objc; path = radialMenuViewController.m; sourceTree = "<group>"; };
		63C54D7C1A71508D00E34F5A /* radialMenuViewController.xib */ = {isa = PBXFileReference; fileEncoding = 4; lastKnownFileType = file.xib; path = radialMenuViewController.xib; sourceTree = "<group>"; };
		63C54D801A7152B400E34F5A /* sideMenuLeftViewController.h */ = {isa = PBXFileReference; fileEncoding = 4; lastKnownFileType = sourcecode.c.h; path = sideMenuLeftViewController.h; sourceTree = "<group>"; };
		63C54D811A7152B400E34F5A /* sideMenuLeftViewController.m */ = {isa = PBXFileReference; fileEncoding = 4; lastKnownFileType = sourcecode.c.objc; path = sideMenuLeftViewController.m; sourceTree = "<group>"; };
		63C54D821A7152B400E34F5A /* sideMenuRightViewController.h */ = {isa = PBXFileReference; fileEncoding = 4; lastKnownFileType = sourcecode.c.h; path = sideMenuRightViewController.h; sourceTree = "<group>"; };
		63C54D831A7152B400E34F5A /* sideMenuRightViewController.m */ = {isa = PBXFileReference; fileEncoding = 4; lastKnownFileType = sourcecode.c.objc; path = sideMenuRightViewController.m; sourceTree = "<group>"; };
		63C54D841A7152B400E34F5A /* sideMenuRootViewController.h */ = {isa = PBXFileReference; fileEncoding = 4; lastKnownFileType = sourcecode.c.h; path = sideMenuRootViewController.h; sourceTree = "<group>"; };
		63C54D851A7152B400E34F5A /* sideMenuRootViewController.m */ = {isa = PBXFileReference; fileEncoding = 4; lastKnownFileType = sourcecode.c.objc; path = sideMenuRootViewController.m; sourceTree = "<group>"; };
		90CBBC5D1D5C4D5E491C54FC /* libPods.a */ = {isa = PBXFileReference; explicitFileType = archive.ar; includeInIndex = 0; path = libPods.a; sourceTree = BUILT_PRODUCTS_DIR; };
		A673F443584A9FBF9488438A /* Pods.debug.xcconfig */ = {isa = PBXFileReference; includeInIndex = 1; lastKnownFileType = text.xcconfig; name = Pods.debug.xcconfig; path = "Pods/Target Support Files/Pods/Pods.debug.xcconfig"; sourceTree = "<group>"; };
		CE6E9ABD5190D37393CD1B7A /* Pods.release.xcconfig */ = {isa = PBXFileReference; includeInIndex = 1; lastKnownFileType = text.xcconfig; name = Pods.release.xcconfig; path = "Pods/Target Support Files/Pods/Pods.release.xcconfig"; sourceTree = "<group>"; };
		EE4243151A5EA97E00F4496B /* LaunchScreen.xib */ = {isa = PBXFileReference; fileEncoding = 4; lastKnownFileType = file.xib; path = LaunchScreen.xib; sourceTree = "<group>"; };
		EE7A297F1A63B11000715B42 /* homeViewController.h */ = {isa = PBXFileReference; fileEncoding = 4; lastKnownFileType = sourcecode.c.h; path = homeViewController.h; sourceTree = "<group>"; };
		EE7A29801A63B11000715B42 /* homeViewController.m */ = {isa = PBXFileReference; fileEncoding = 4; lastKnownFileType = sourcecode.c.objc; path = homeViewController.m; sourceTree = "<group>"; };
		EE7A29811A63B11000715B42 /* homeViewController.xib */ = {isa = PBXFileReference; fileEncoding = 4; lastKnownFileType = file.xib; path = homeViewController.xib; sourceTree = "<group>"; };
		EE7A29851A63B6BD00715B42 /* disenyoViewController.h */ = {isa = PBXFileReference; fileEncoding = 4; lastKnownFileType = sourcecode.c.h; path = disenyoViewController.h; sourceTree = "<group>"; };
		EE7A29861A63B6BD00715B42 /* disenyoViewController.m */ = {isa = PBXFileReference; fileEncoding = 4; lastKnownFileType = sourcecode.c.objc; path = disenyoViewController.m; sourceTree = "<group>"; };
		EE7A29871A63B6BD00715B42 /* disenyoViewController.xib */ = {isa = PBXFileReference; fileEncoding = 4; lastKnownFileType = file.xib; path = disenyoViewController.xib; sourceTree = "<group>"; };
		EE7A298A1A63B70A00715B42 /* sistemaUsuariosViewController.h */ = {isa = PBXFileReference; fileEncoding = 4; lastKnownFileType = sourcecode.c.h; path = sistemaUsuariosViewController.h; sourceTree = "<group>"; };
		EE7A298B1A63B70A00715B42 /* sistemaUsuariosViewController.m */ = {isa = PBXFileReference; fileEncoding = 4; lastKnownFileType = sourcecode.c.objc; path = sistemaUsuariosViewController.m; sourceTree = "<group>"; };
		EE7A298C1A63B70A00715B42 /* sistemaUsuariosViewController.xib */ = {isa = PBXFileReference; fileEncoding = 4; lastKnownFileType = file.xib; path = sistemaUsuariosViewController.xib; sourceTree = "<group>"; };
		EE7A298F1A63B71B00715B42 /* animacionesViewController.h */ = {isa = PBXFileReference; fileEncoding = 4; lastKnownFileType = sourcecode.c.h; path = animacionesViewController.h; sourceTree = "<group>"; };
		EE7A29901A63B71B00715B42 /* animacionesViewController.m */ = {isa = PBXFileReference; fileEncoding = 4; lastKnownFileType = sourcecode.c.objc; path = animacionesViewController.m; sourceTree = "<group>"; };
		EE7A29911A63B71B00715B42 /* animacionesViewController.xib */ = {isa = PBXFileReference; fileEncoding = 4; lastKnownFileType = file.xib; path = animacionesViewController.xib; sourceTree = "<group>"; };
		EE7A29941A63B75100715B42 /* socialViewController.h */ = {isa = PBXFileReference; fileEncoding = 4; lastKnownFileType = sourcecode.c.h; path = socialViewController.h; sourceTree = "<group>"; };
		EE7A29951A63B75100715B42 /* socialViewController.m */ = {isa = PBXFileReference; fileEncoding = 4; lastKnownFileType = sourcecode.c.objc; path = socialViewController.m; sourceTree = "<group>"; };
		EE7A29961A63B75100715B42 /* socialViewController.xib */ = {isa = PBXFileReference; fileEncoding = 4; lastKnownFileType = file.xib; path = socialViewController.xib; sourceTree = "<group>"; };
		EE7A29991A63B77700715B42 /* navegacionViewController.h */ = {isa = PBXFileReference; fileEncoding = 4; lastKnownFileType = sourcecode.c.h; path = navegacionViewController.h; sourceTree = "<group>"; };
		EE7A299A1A63B77700715B42 /* navegacionViewController.m */ = {isa = PBXFileReference; fileEncoding = 4; lastKnownFileType = sourcecode.c.objc; path = navegacionViewController.m; sourceTree = "<group>"; };
		EE7A299B1A63B77700715B42 /* navegacionViewController.xib */ = {isa = PBXFileReference; fileEncoding = 4; lastKnownFileType = file.xib; path = navegacionViewController.xib; sourceTree = "<group>"; };
		EE7A299E1A63B78300715B42 /* mediaViewController.h */ = {isa = PBXFileReference; fileEncoding = 4; lastKnownFileType = sourcecode.c.h; path = mediaViewController.h; sourceTree = "<group>"; };
		EE7A299F1A63B78300715B42 /* mediaViewController.m */ = {isa = PBXFileReference; fileEncoding = 4; lastKnownFileType = sourcecode.c.objc; path = mediaViewController.m; sourceTree = "<group>"; };
		EE7A29A01A63B78300715B42 /* mediaViewController.xib */ = {isa = PBXFileReference; fileEncoding = 4; lastKnownFileType = file.xib; path = mediaViewController.xib; sourceTree = "<group>"; };
		EE7A29A31A63B7A600715B42 /* pluginsViewController.h */ = {isa = PBXFileReference; fileEncoding = 4; lastKnownFileType = sourcecode.c.h; path = pluginsViewController.h; sourceTree = "<group>"; };
		EE7A29A41A63B7A600715B42 /* pluginsViewController.m */ = {isa = PBXFileReference; fileEncoding = 4; lastKnownFileType = sourcecode.c.objc; path = pluginsViewController.m; sourceTree = "<group>"; };
		EE7A29A51A63B7A600715B42 /* pluginsViewController.xib */ = {isa = PBXFileReference; fileEncoding = 4; lastKnownFileType = file.xib; path = pluginsViewController.xib; sourceTree = "<group>"; };
		EE7A29A81A63B7D900715B42 /* pushViewController.h */ = {isa = PBXFileReference; fileEncoding = 4; lastKnownFileType = sourcecode.c.h; path = pushViewController.h; sourceTree = "<group>"; };
		EE7A29A91A63B7D900715B42 /* pushViewController.m */ = {isa = PBXFileReference; fileEncoding = 4; lastKnownFileType = sourcecode.c.objc; path = pushViewController.m; sourceTree = "<group>"; };
		EE7A29AA1A63B7D900715B42 /* pushViewController.xib */ = {isa = PBXFileReference; fileEncoding = 4; lastKnownFileType = file.xib; path = pushViewController.xib; sourceTree = "<group>"; };
		EE7A29AF1A63D06200715B42 /* SEASRN.ttf */ = {isa = PBXFileReference; lastKnownFileType = file; path = SEASRN.ttf; sourceTree = "<group>"; };
		EE7A29B11A63D31900715B42 /* Static.otf */ = {isa = PBXFileReference; lastKnownFileType = file; path = Static.otf; sourceTree = "<group>"; };
		EE7A29B21A63D31900715B42 /* Yonna.ttf */ = {isa = PBXFileReference; lastKnownFileType = file; path = Yonna.ttf; sourceTree = "<group>"; };
		EE7A29B51A63F01600715B42 /* left.png */ = {isa = PBXFileReference; lastKnownFileType = image.png; path = left.png; sourceTree = "<group>"; };
		EE7A29B71A6526AB00715B42 /* checkboxes.png */ = {isa = PBXFileReference; lastKnownFileType = image.png; path = checkboxes.png; sourceTree = "<group>"; };
		EE7A29B91A6528CC00715B42 /* buttons.png */ = {isa = PBXFileReference; lastKnownFileType = image.png; path = buttons.png; sourceTree = "<group>"; };
		EE7A29BA1A6528CC00715B42 /* iconos.png */ = {isa = PBXFileReference; lastKnownFileType = image.png; path = iconos.png; sourceTree = "<group>"; };
		EE7A29BB1A6528CC00715B42 /* inputs.png */ = {isa = PBXFileReference; lastKnownFileType = image.png; path = inputs.png; sourceTree = "<group>"; };
		EE7A29BC1A6528CC00715B42 /* tipografias.png */ = {isa = PBXFileReference; lastKnownFileType = image.png; path = tipografias.png; sourceTree = "<group>"; };
		EE7A29C71A652EC200715B42 /* inputsViewController.h */ = {isa = PBXFileReference; fileEncoding = 4; lastKnownFileType = sourcecode.c.h; path = inputsViewController.h; sourceTree = "<group>"; };
		EE7A29C81A652EC200715B42 /* inputsViewController.m */ = {isa = PBXFileReference; fileEncoding = 4; lastKnownFileType = sourcecode.c.objc; path = inputsViewController.m; sourceTree = "<group>"; };
		EE7A29C91A652EC200715B42 /* inputsViewController.xib */ = {isa = PBXFileReference; fileEncoding = 4; lastKnownFileType = file.xib; path = inputsViewController.xib; sourceTree = "<group>"; };
		EE7A29CC1A652EDC00715B42 /* tipografiasViewController.h */ = {isa = PBXFileReference; fileEncoding = 4; lastKnownFileType = sourcecode.c.h; path = tipografiasViewController.h; sourceTree = "<group>"; };
		EE7A29CD1A652EDC00715B42 /* tipografiasViewController.m */ = {isa = PBXFileReference; fileEncoding = 4; lastKnownFileType = sourcecode.c.objc; path = tipografiasViewController.m; sourceTree = "<group>"; };
		EE7A29CE1A652EDC00715B42 /* tipografiasViewController.xib */ = {isa = PBXFileReference; fileEncoding = 4; lastKnownFileType = file.xib; path = tipografiasViewController.xib; sourceTree = "<group>"; };
		EE7A29D41A652F2400715B42 /* buttonsViewController.h */ = {isa = PBXFileReference; fileEncoding = 4; lastKnownFileType = sourcecode.c.h; path = buttonsViewController.h; sourceTree = "<group>"; };
		EE7A29D51A652F2400715B42 /* buttonsViewController.m */ = {isa = PBXFileReference; fileEncoding = 4; lastKnownFileType = sourcecode.c.objc; path = buttonsViewController.m; sourceTree = "<group>"; };
		EE7A29D61A652F2400715B42 /* buttonsViewController.xib */ = {isa = PBXFileReference; fileEncoding = 4; lastKnownFileType = file.xib; path = buttonsViewController.xib; sourceTree = "<group>"; };
		EE7A29D91A652F3300715B42 /* checkboxesViewController.h */ = {isa = PBXFileReference; fileEncoding = 4; lastKnownFileType = sourcecode.c.h; path = checkboxesViewController.h; sourceTree = "<group>"; };
		EE7A29DA1A652F3300715B42 /* checkboxesViewController.m */ = {isa = PBXFileReference; fileEncoding = 4; lastKnownFileType = sourcecode.c.objc; path = checkboxesViewController.m; sourceTree = "<group>"; };
		EE7A29DB1A652F3300715B42 /* checkboxesViewController.xib */ = {isa = PBXFileReference; fileEncoding = 4; lastKnownFileType = file.xib; path = checkboxesViewController.xib; sourceTree = "<group>"; };
		EE7A29DE1A652F3E00715B42 /* iconsViewController.h */ = {isa = PBXFileReference; fileEncoding = 4; lastKnownFileType = sourcecode.c.h; path = iconsViewController.h; sourceTree = "<group>"; };
		EE7A29DF1A652F3E00715B42 /* iconsViewController.m */ = {isa = PBXFileReference; fileEncoding = 4; lastKnownFileType = sourcecode.c.objc; path = iconsViewController.m; sourceTree = "<group>"; };
		EE7A29E01A652F3E00715B42 /* iconsViewController.xib */ = {isa = PBXFileReference; fileEncoding = 4; lastKnownFileType = file.xib; path = iconsViewController.xib; sourceTree = "<group>"; };
		EE7A95381A2DD35F0057465D /* handsapp.app */ = {isa = PBXFileReference; explicitFileType = wrapper.application; includeInIndex = 0; path = handsapp.app; sourceTree = BUILT_PRODUCTS_DIR; };
		EE7A953C1A2DD35F0057465D /* Info.plist */ = {isa = PBXFileReference; lastKnownFileType = text.plist.xml; path = Info.plist; sourceTree = "<group>"; };
		EE7A953D1A2DD35F0057465D /* main.m */ = {isa = PBXFileReference; lastKnownFileType = sourcecode.c.objc; path = main.m; sourceTree = "<group>"; };
		EE7A953F1A2DD35F0057465D /* AppDelegate.h */ = {isa = PBXFileReference; lastKnownFileType = sourcecode.c.h; path = AppDelegate.h; sourceTree = "<group>"; };
		EE7A95401A2DD35F0057465D /* AppDelegate.m */ = {isa = PBXFileReference; lastKnownFileType = sourcecode.c.objc; path = AppDelegate.m; sourceTree = "<group>"; };
		EE7A95481A2DD35F0057465D /* Images.xcassets */ = {isa = PBXFileReference; lastKnownFileType = folder.assetcatalog; path = Images.xcassets; sourceTree = "<group>"; };
		EE7A95511A2DD35F0057465D /* handsappTests.xctest */ = {isa = PBXFileReference; explicitFileType = wrapper.cfbundle; includeInIndex = 0; path = handsappTests.xctest; sourceTree = BUILT_PRODUCTS_DIR; };
		EE7A95561A2DD35F0057465D /* Info.plist */ = {isa = PBXFileReference; lastKnownFileType = text.plist.xml; path = Info.plist; sourceTree = "<group>"; };
		EE7A95571A2DD35F0057465D /* handsappTests.m */ = {isa = PBXFileReference; lastKnownFileType = sourcecode.c.objc; path = handsappTests.m; sourceTree = "<group>"; };
		EE824BDF1A37386E00E590B8 /* home.png */ = {isa = PBXFileReference; lastKnownFileType = image.png; path = home.png; sourceTree = "<group>"; };
		EE824BE21A373A8C00E590B8 /* paperPlane.png */ = {isa = PBXFileReference; lastKnownFileType = image.png; path = paperPlane.png; sourceTree = "<group>"; };
		EE824BE31A373A8C00E590B8 /* pencil.png */ = {isa = PBXFileReference; lastKnownFileType = image.png; path = pencil.png; sourceTree = "<group>"; };
		EE824BE41A373A8C00E590B8 /* phone.png */ = {isa = PBXFileReference; lastKnownFileType = image.png; path = phone.png; sourceTree = "<group>"; };
		EE824BE51A373A8C00E590B8 /* photo.png */ = {isa = PBXFileReference; lastKnownFileType = image.png; path = photo.png; sourceTree = "<group>"; };
		EE824BE61A373A8C00E590B8 /* thumb.png */ = {isa = PBXFileReference; lastKnownFileType = image.png; path = thumb.png; sourceTree = "<group>"; };
		EE824BE71A373A8C00E590B8 /* user.png */ = {isa = PBXFileReference; lastKnownFileType = image.png; path = user.png; sourceTree = "<group>"; };
		EE824BF81A374A9B00E590B8 /* compass.png */ = {isa = PBXFileReference; lastKnownFileType = image.png; path = compass.png; sourceTree = "<group>"; };
		EE824BF91A374A9B00E590B8 /* megaphone.png */ = {isa = PBXFileReference; lastKnownFileType = image.png; path = megaphone.png; sourceTree = "<group>"; };
/* End PBXFileReference section */

/* Begin PBXFrameworksBuildPhase section */
		EE7A95351A2DD35F0057465D /* Frameworks */ = {
			isa = PBXFrameworksBuildPhase;
			buildActionMask = 2147483647;
			files = (
				F9D89AC0CC9785035F7EEDF9 /* libPods.a in Frameworks */,
			);
			runOnlyForDeploymentPostprocessing = 0;
		};
		EE7A954E1A2DD35F0057465D /* Frameworks */ = {
			isa = PBXFrameworksBuildPhase;
			buildActionMask = 2147483647;
			files = (
			);
			runOnlyForDeploymentPostprocessing = 0;
		};
/* End PBXFrameworksBuildPhase section */

/* Begin PBXGroup section */
		00CE72400DB2F31825185944 /* Pods */ = {
			isa = PBXGroup;
			children = (
				A673F443584A9FBF9488438A /* Pods.debug.xcconfig */,
				CE6E9ABD5190D37393CD1B7A /* Pods.release.xcconfig */,
			);
			name = Pods;
			sourceTree = "<group>";
		};
		5F471842249C660D478BF16D /* Frameworks */ = {
			isa = PBXGroup;
			children = (
				90CBBC5D1D5C4D5E491C54FC /* libPods.a */,
			);
			name = Frameworks;
			sourceTree = "<group>";
		};
		6306B1C71A715CB4001CAE68 /* SistemaUsuarios */ = {
			isa = PBXGroup;
			children = (
				6306B1C81A715DAF001CAE68 /* profile */,
				EE7A298A1A63B70A00715B42 /* sistemaUsuariosViewController.h */,
				EE7A298B1A63B70A00715B42 /* sistemaUsuariosViewController.m */,
				EE7A298C1A63B70A00715B42 /* sistemaUsuariosViewController.xib */,
			);
			name = SistemaUsuarios;
			sourceTree = "<group>";
		};
		6306B1C81A715DAF001CAE68 /* profile */ = {
			isa = PBXGroup;
			children = (
				6306B1C91A715DE5001CAE68 /* profileViewController.h */,
				6306B1CA1A715DE5001CAE68 /* profileViewController.m */,
				6306B1CB1A715DE5001CAE68 /* profileViewController.xib */,
			);
			name = profile;
			sourceTree = "<group>";
		};
		63C54D731A714F1D00E34F5A /* Navegacion */ = {
			isa = PBXGroup;
			children = (
				63C54D7F1A7150A000E34F5A /* sideMenu */,
				63C54D791A71504A00E34F5A /* radialMenu */,
				63C54D751A71502600E34F5A /* dropdownMenu */,
				EE7A29991A63B77700715B42 /* navegacionViewController.h */,
				EE7A299A1A63B77700715B42 /* navegacionViewController.m */,
				EE7A299B1A63B77700715B42 /* navegacionViewController.xib */,
			);
			name = Navegacion;
			sourceTree = "<group>";
		};
		63C54D751A71502600E34F5A /* dropdownMenu */ = {
			isa = PBXGroup;
			children = (
				63C54D761A71503C00E34F5A /* dropdownMenuViewController.h */,
				63C54D771A71503C00E34F5A /* dropdownMenuViewController.m */,
			);
			name = dropdownMenu;
			sourceTree = "<group>";
		};
		63C54D791A71504A00E34F5A /* radialMenu */ = {
			isa = PBXGroup;
			children = (
				63C54D7A1A71508D00E34F5A /* radialMenuViewController.h */,
				63C54D7B1A71508D00E34F5A /* radialMenuViewController.m */,
				63C54D7C1A71508D00E34F5A /* radialMenuViewController.xib */,
			);
			name = radialMenu;
			sourceTree = "<group>";
		};
		63C54D7F1A7150A000E34F5A /* sideMenu */ = {
			isa = PBXGroup;
			children = (
				63C54D801A7152B400E34F5A /* sideMenuLeftViewController.h */,
				63C54D811A7152B400E34F5A /* sideMenuLeftViewController.m */,
				63C54D821A7152B400E34F5A /* sideMenuRightViewController.h */,
				63C54D831A7152B400E34F5A /* sideMenuRightViewController.m */,
				63C54D841A7152B400E34F5A /* sideMenuRootViewController.h */,
				63C54D851A7152B400E34F5A /* sideMenuRootViewController.m */,
			);
			name = sideMenu;
			sourceTree = "<group>";
		};
		EE7A29841A63B54600715B42 /* Controllers */ = {
			isa = PBXGroup;
			children = (
				EE7A297F1A63B11000715B42 /* homeViewController.h */,
				EE7A29801A63B11000715B42 /* homeViewController.m */,
				EE7A29811A63B11000715B42 /* homeViewController.xib */,
				EE7A29851A63B6BD00715B42 /* disenyoViewController.h */,
				EE7A29861A63B6BD00715B42 /* disenyoViewController.m */,
				EE7A29871A63B6BD00715B42 /* disenyoViewController.xib */,
				EE7A29C11A652E1800715B42 /* Disenyo */,
				6306B1C71A715CB4001CAE68 /* SistemaUsuarios */,
				EE7A298F1A63B71B00715B42 /* animacionesViewController.h */,
				EE7A29901A63B71B00715B42 /* animacionesViewController.m */,
				EE7A29911A63B71B00715B42 /* animacionesViewController.xib */,
				EE7A29941A63B75100715B42 /* socialViewController.h */,
				EE7A29951A63B75100715B42 /* socialViewController.m */,
				EE7A29961A63B75100715B42 /* socialViewController.xib */,
				63C54D731A714F1D00E34F5A /* Navegacion */,
				EE7A299E1A63B78300715B42 /* mediaViewController.h */,
				EE7A299F1A63B78300715B42 /* mediaViewController.m */,
				EE7A29A01A63B78300715B42 /* mediaViewController.xib */,
				EE7A29A31A63B7A600715B42 /* pluginsViewController.h */,
				EE7A29A41A63B7A600715B42 /* pluginsViewController.m */,
				EE7A29A51A63B7A600715B42 /* pluginsViewController.xib */,
				EE7A29A81A63B7D900715B42 /* pushViewController.h */,
				EE7A29A91A63B7D900715B42 /* pushViewController.m */,
				EE7A29AA1A63B7D900715B42 /* pushViewController.xib */,
			);
			name = Controllers;
			sourceTree = "<group>";
		};
		EE7A29AD1A63D06200715B42 /* Recursos */ = {
			isa = PBXGroup;
			children = (
				EE7A29AE1A63D06200715B42 /* Fuentes */,
			);
			name = Recursos;
			path = handsapp/Recursos;
			sourceTree = "<group>";
		};
		EE7A29AE1A63D06200715B42 /* Fuentes */ = {
			isa = PBXGroup;
			children = (
				EE7A29B11A63D31900715B42 /* Static.otf */,
				EE7A29B21A63D31900715B42 /* Yonna.ttf */,
				EE7A29AF1A63D06200715B42 /* SEASRN.ttf */,
			);
			path = Fuentes;
			sourceTree = "<group>";
		};
		EE7A29C11A652E1800715B42 /* Disenyo */ = {
			isa = PBXGroup;
			children = (
				EE7A29C71A652EC200715B42 /* inputsViewController.h */,
				EE7A29C81A652EC200715B42 /* inputsViewController.m */,
				EE7A29C91A652EC200715B42 /* inputsViewController.xib */,
				EE7A29CC1A652EDC00715B42 /* tipografiasViewController.h */,
				EE7A29CD1A652EDC00715B42 /* tipografiasViewController.m */,
				EE7A29CE1A652EDC00715B42 /* tipografiasViewController.xib */,
				EE7A29D41A652F2400715B42 /* buttonsViewController.h */,
				EE7A29D51A652F2400715B42 /* buttonsViewController.m */,
				EE7A29D61A652F2400715B42 /* buttonsViewController.xib */,
				EE7A29D91A652F3300715B42 /* checkboxesViewController.h */,
				EE7A29DA1A652F3300715B42 /* checkboxesViewController.m */,
				EE7A29DB1A652F3300715B42 /* checkboxesViewController.xib */,
				EE7A29DE1A652F3E00715B42 /* iconsViewController.h */,
				EE7A29DF1A652F3E00715B42 /* iconsViewController.m */,
				EE7A29E01A652F3E00715B42 /* iconsViewController.xib */,
			);
			name = Disenyo;
			sourceTree = "<group>";
		};
		EE7A952F1A2DD35E0057465D = {
			isa = PBXGroup;
			children = (
				EE7A953A1A2DD35F0057465D /* handsapp */,
				EE7A95541A2DD35F0057465D /* handsappTests */,
				EE7A95391A2DD35F0057465D /* Products */,
				EE824BDC1A37313D00E590B8 /* Imagenes */,
				EE7A29AD1A63D06200715B42 /* Recursos */,
				00CE72400DB2F31825185944 /* Pods */,
				5F471842249C660D478BF16D /* Frameworks */,
			);
			sourceTree = "<group>";
		};
		EE7A95391A2DD35F0057465D /* Products */ = {
			isa = PBXGroup;
			children = (
				EE7A95381A2DD35F0057465D /* handsapp.app */,
				EE7A95511A2DD35F0057465D /* handsappTests.xctest */,
			);
			name = Products;
			sourceTree = "<group>";
		};
		EE7A953A1A2DD35F0057465D /* handsapp */ = {
			isa = PBXGroup;
			children = (
				EE7A29841A63B54600715B42 /* Controllers */,
				EE7A953F1A2DD35F0057465D /* AppDelegate.h */,
				EE7A95401A2DD35F0057465D /* AppDelegate.m */,
				EE7A95481A2DD35F0057465D /* Images.xcassets */,
				EE7A953B1A2DD35F0057465D /* Supporting Files */,
				EE4243151A5EA97E00F4496B /* LaunchScreen.xib */,
			);
			path = handsapp;
			sourceTree = "<group>";
		};
		EE7A953B1A2DD35F0057465D /* Supporting Files */ = {
			isa = PBXGroup;
			children = (
				EE7A953C1A2DD35F0057465D /* Info.plist */,
				EE7A953D1A2DD35F0057465D /* main.m */,
			);
			name = "Supporting Files";
			sourceTree = "<group>";
		};
		EE7A95541A2DD35F0057465D /* handsappTests */ = {
			isa = PBXGroup;
			children = (
				EE7A95571A2DD35F0057465D /* handsappTests.m */,
				EE7A95551A2DD35F0057465D /* Supporting Files */,
			);
			path = handsappTests;
			sourceTree = "<group>";
		};
		EE7A95551A2DD35F0057465D /* Supporting Files */ = {
			isa = PBXGroup;
			children = (
				EE7A95561A2DD35F0057465D /* Info.plist */,
			);
			name = "Supporting Files";
			sourceTree = "<group>";
		};
		EE824BDC1A37313D00E590B8 /* Imagenes */ = {
			isa = PBXGroup;
			children = (
				EE7A29B51A63F01600715B42 /* left.png */,
				EE7A29B71A6526AB00715B42 /* checkboxes.png */,
				EE824BDF1A37386E00E590B8 /* home.png */,
				EE824BE21A373A8C00E590B8 /* paperPlane.png */,
				EE7A29B91A6528CC00715B42 /* buttons.png */,
				EE7A29BA1A6528CC00715B42 /* iconos.png */,
				EE7A29BB1A6528CC00715B42 /* inputs.png */,
				EE7A29BC1A6528CC00715B42 /* tipografias.png */,
				EE824BE31A373A8C00E590B8 /* pencil.png */,
				EE824BE41A373A8C00E590B8 /* phone.png */,
				EE824BF81A374A9B00E590B8 /* compass.png */,
				EE824BF91A374A9B00E590B8 /* megaphone.png */,
				EE824BE51A373A8C00E590B8 /* photo.png */,
				EE824BE61A373A8C00E590B8 /* thumb.png */,
				EE824BE71A373A8C00E590B8 /* user.png */,
			);
			name = Imagenes;
			path = handsapp/Imagenes;
			sourceTree = "<group>";
		};
/* End PBXGroup section */

/* Begin PBXNativeTarget section */
		EE7A95371A2DD35F0057465D /* handsapp */ = {
			isa = PBXNativeTarget;
			buildConfigurationList = EE7A955B1A2DD35F0057465D /* Build configuration list for PBXNativeTarget "handsapp" */;
			buildPhases = (
				13E71FF7DEC7621C4877ADC5 /* Check Pods Manifest.lock */,
				EE7A95341A2DD35F0057465D /* Sources */,
				EE7A95351A2DD35F0057465D /* Frameworks */,
				EE7A95361A2DD35F0057465D /* Resources */,
				501D57265ADEC253C1DC53A5 /* Copy Pods Resources */,
			);
			buildRules = (
			);
			dependencies = (
			);
			name = handsapp;
			productName = handsapp;
			productReference = EE7A95381A2DD35F0057465D /* handsapp.app */;
			productType = "com.apple.product-type.application";
		};
		EE7A95501A2DD35F0057465D /* handsappTests */ = {
			isa = PBXNativeTarget;
			buildConfigurationList = EE7A955E1A2DD35F0057465D /* Build configuration list for PBXNativeTarget "handsappTests" */;
			buildPhases = (
				EE7A954D1A2DD35F0057465D /* Sources */,
				EE7A954E1A2DD35F0057465D /* Frameworks */,
				EE7A954F1A2DD35F0057465D /* Resources */,
			);
			buildRules = (
			);
			dependencies = (
				EE7A95531A2DD35F0057465D /* PBXTargetDependency */,
			);
			name = handsappTests;
			productName = handsappTests;
			productReference = EE7A95511A2DD35F0057465D /* handsappTests.xctest */;
			productType = "com.apple.product-type.bundle.unit-test";
		};
/* End PBXNativeTarget section */

/* Begin PBXProject section */
		EE7A95301A2DD35E0057465D /* Project object */ = {
			isa = PBXProject;
			attributes = {
				LastUpgradeCheck = 0610;
				ORGANIZATIONNAME = handsapp;
				TargetAttributes = {
					EE7A95371A2DD35F0057465D = {
						CreatedOnToolsVersion = 6.1;
					};
					EE7A95501A2DD35F0057465D = {
						CreatedOnToolsVersion = 6.1;
						TestTargetID = EE7A95371A2DD35F0057465D;
					};
				};
			};
			buildConfigurationList = EE7A95331A2DD35E0057465D /* Build configuration list for PBXProject "handsapp" */;
			compatibilityVersion = "Xcode 3.2";
			developmentRegion = English;
			hasScannedForEncodings = 0;
			knownRegions = (
				en,
				Base,
			);
			mainGroup = EE7A952F1A2DD35E0057465D;
			productRefGroup = EE7A95391A2DD35F0057465D /* Products */;
			projectDirPath = "";
			projectRoot = "";
			targets = (
				EE7A95371A2DD35F0057465D /* handsapp */,
				EE7A95501A2DD35F0057465D /* handsappTests */,
			);
		};
/* End PBXProject section */

/* Begin PBXResourcesBuildPhase section */
		EE7A95361A2DD35F0057465D /* Resources */ = {
			isa = PBXResourcesBuildPhase;
			buildActionMask = 2147483647;
			files = (
				EE824BED1A373A8C00E590B8 /* thumb.png in Resources */,
				EE7A29CB1A652EC200715B42 /* inputsViewController.xib in Resources */,
				EE7A29931A63B71B00715B42 /* animacionesViewController.xib in Resources */,
				EE824BEA1A373A8C00E590B8 /* pencil.png in Resources */,
				EE7A29981A63B75100715B42 /* socialViewController.xib in Resources */,
				EE7A29B81A6526AB00715B42 /* checkboxes.png in Resources */,
				EE824BEE1A373A8C00E590B8 /* user.png in Resources */,
				EE7A29831A63B11000715B42 /* homeViewController.xib in Resources */,
				EE7A29C01A6528CC00715B42 /* tipografias.png in Resources */,
				EE4243161A5EA97E00F4496B /* LaunchScreen.xib in Resources */,
				EE7A29BF1A6528CC00715B42 /* inputs.png in Resources */,
				EE824BE91A373A8C00E590B8 /* paperPlane.png in Resources */,
				EE7A299D1A63B77700715B42 /* navegacionViewController.xib in Resources */,
				EE7A29A71A63B7A600715B42 /* pluginsViewController.xib in Resources */,
				EE7A29DD1A652F3300715B42 /* checkboxesViewController.xib in Resources */,
				EE824BE01A37386E00E590B8 /* home.png in Resources */,
				EE7A29B31A63D83400715B42 /* Static.otf in Resources */,
				EE824BEC1A373A8C00E590B8 /* photo.png in Resources */,
				EE7A29B41A63D83700715B42 /* Yonna.ttf in Resources */,
				63C54D7E1A71508D00E34F5A /* radialMenuViewController.xib in Resources */,
				EE7A29B61A63F01600715B42 /* left.png in Resources */,
				EE824BFA1A374A9B00E590B8 /* compass.png in Resources */,
				EE7A29E21A652F3E00715B42 /* iconsViewController.xib in Resources */,
				EE7A29D01A652EDC00715B42 /* tipografiasViewController.xib in Resources */,
				EE7A29891A63B6BD00715B42 /* disenyoViewController.xib in Resources */,
				EE7A29AC1A63B7D900715B42 /* pushViewController.xib in Resources */,
				6306B1CD1A715DE5001CAE68 /* profileViewController.xib in Resources */,
				EE824BFB1A374A9B00E590B8 /* megaphone.png in Resources */,
				EE7A29D81A652F2400715B42 /* buttonsViewController.xib in Resources */,
				EE824BEB1A373A8C00E590B8 /* phone.png in Resources */,
				EE7A298E1A63B70A00715B42 /* sistemaUsuariosViewController.xib in Resources */,
				EE7A95491A2DD35F0057465D /* Images.xcassets in Resources */,
				EE7A29BE1A6528CC00715B42 /* iconos.png in Resources */,
				EE7A29BD1A6528CC00715B42 /* buttons.png in Resources */,
				EE7A29A21A63B78300715B42 /* mediaViewController.xib in Resources */,
				EE7A29B01A63D06200715B42 /* SEASRN.ttf in Resources */,
			);
			runOnlyForDeploymentPostprocessing = 0;
		};
		EE7A954F1A2DD35F0057465D /* Resources */ = {
			isa = PBXResourcesBuildPhase;
			buildActionMask = 2147483647;
			files = (
			);
			runOnlyForDeploymentPostprocessing = 0;
		};
/* End PBXResourcesBuildPhase section */

/* Begin PBXShellScriptBuildPhase section */
		13E71FF7DEC7621C4877ADC5 /* Check Pods Manifest.lock */ = {
			isa = PBXShellScriptBuildPhase;
			buildActionMask = 2147483647;
			files = (
			);
			inputPaths = (
			);
			name = "Check Pods Manifest.lock";
			outputPaths = (
			);
			runOnlyForDeploymentPostprocessing = 0;
			shellPath = /bin/sh;
			shellScript = "diff \"${PODS_ROOT}/../Podfile.lock\" \"${PODS_ROOT}/Manifest.lock\" > /dev/null\nif [[ $? != 0 ]] ; then\n    cat << EOM\nerror: The sandbox is not in sync with the Podfile.lock. Run 'pod install' or update your CocoaPods installation.\nEOM\n    exit 1\nfi\n";
			showEnvVarsInLog = 0;
		};
		501D57265ADEC253C1DC53A5 /* Copy Pods Resources */ = {
			isa = PBXShellScriptBuildPhase;
			buildActionMask = 2147483647;
			files = (
			);
			inputPaths = (
			);
			name = "Copy Pods Resources";
			outputPaths = (
			);
			runOnlyForDeploymentPostprocessing = 0;
			shellPath = /bin/sh;
			shellScript = "\"${SRCROOT}/Pods/Target Support Files/Pods/Pods-resources.sh\"\n";
			showEnvVarsInLog = 0;
		};
/* End PBXShellScriptBuildPhase section */

/* Begin PBXSourcesBuildPhase section */
		EE7A95341A2DD35F0057465D /* Sources */ = {
			isa = PBXSourcesBuildPhase;
			buildActionMask = 2147483647;
			files = (
				EE7A29971A63B75100715B42 /* socialViewController.m in Sources */,
				63C54D781A71503C00E34F5A /* dropdownMenuViewController.m in Sources */,
				EE7A29AB1A63B7D900715B42 /* pushViewController.m in Sources */,
				EE7A29921A63B71B00715B42 /* animacionesViewController.m in Sources */,
				EE7A29881A63B6BD00715B42 /* disenyoViewController.m in Sources */,
				EE7A95411A2DD35F0057465D /* AppDelegate.m in Sources */,
				EE7A29DC1A652F3300715B42 /* checkboxesViewController.m in Sources */,
				63C54D871A7152B400E34F5A /* sideMenuRightViewController.m in Sources */,
				63C54D861A7152B400E34F5A /* sideMenuLeftViewController.m in Sources */,
				EE7A953E1A2DD35F0057465D /* main.m in Sources */,
				6306B1CC1A715DE5001CAE68 /* profileViewController.m in Sources */,
				63C54D881A7152B400E34F5A /* sideMenuRootViewController.m in Sources */,
				EE7A29821A63B11000715B42 /* homeViewController.m in Sources */,
				EE7A29A11A63B78300715B42 /* mediaViewController.m in Sources */,
				EE7A29A61A63B7A600715B42 /* pluginsViewController.m in Sources */,
				EE7A298D1A63B70A00715B42 /* sistemaUsuariosViewController.m in Sources */,
				63C54D7D1A71508D00E34F5A /* radialMenuViewController.m in Sources */,
				EE7A29E11A652F3E00715B42 /* iconsViewController.m in Sources */,
				EE7A29CF1A652EDC00715B42 /* tipografiasViewController.m in Sources */,
				EE7A299C1A63B77700715B42 /* navegacionViewController.m in Sources */,
				EE7A29D71A652F2400715B42 /* buttonsViewController.m in Sources */,
				EE7A29CA1A652EC200715B42 /* inputsViewController.m in Sources */,
			);
			runOnlyForDeploymentPostprocessing = 0;
		};
		EE7A954D1A2DD35F0057465D /* Sources */ = {
			isa = PBXSourcesBuildPhase;
			buildActionMask = 2147483647;
			files = (
				EE7A95581A2DD35F0057465D /* handsappTests.m in Sources */,
			);
			runOnlyForDeploymentPostprocessing = 0;
		};
/* End PBXSourcesBuildPhase section */

/* Begin PBXTargetDependency section */
		EE7A95531A2DD35F0057465D /* PBXTargetDependency */ = {
			isa = PBXTargetDependency;
			target = EE7A95371A2DD35F0057465D /* handsapp */;
			targetProxy = EE7A95521A2DD35F0057465D /* PBXContainerItemProxy */;
		};
/* End PBXTargetDependency section */

/* Begin XCBuildConfiguration section */
		EE7A95591A2DD35F0057465D /* Debug */ = {
			isa = XCBuildConfiguration;
			buildSettings = {
				ALWAYS_SEARCH_USER_PATHS = NO;
				CLANG_CXX_LANGUAGE_STANDARD = "gnu++0x";
				CLANG_CXX_LIBRARY = "libc++";
				CLANG_ENABLE_MODULES = YES;
				CLANG_ENABLE_OBJC_ARC = YES;
				CLANG_WARN_BOOL_CONVERSION = YES;
				CLANG_WARN_CONSTANT_CONVERSION = YES;
				CLANG_WARN_DIRECT_OBJC_ISA_USAGE = YES_ERROR;
				CLANG_WARN_EMPTY_BODY = YES;
				CLANG_WARN_ENUM_CONVERSION = YES;
				CLANG_WARN_INT_CONVERSION = YES;
				CLANG_WARN_OBJC_ROOT_CLASS = YES_ERROR;
				CLANG_WARN_UNREACHABLE_CODE = YES;
				CLANG_WARN__DUPLICATE_METHOD_MATCH = YES;
				"CODE_SIGN_IDENTITY[sdk=iphoneos*]" = "iPhone Developer";
				COPY_PHASE_STRIP = NO;
				ENABLE_STRICT_OBJC_MSGSEND = YES;
				GCC_C_LANGUAGE_STANDARD = gnu99;
				GCC_DYNAMIC_NO_PIC = NO;
				GCC_OPTIMIZATION_LEVEL = 0;
				GCC_PREPROCESSOR_DEFINITIONS = (
					"DEBUG=1",
					"$(inherited)",
				);
				GCC_SYMBOLS_PRIVATE_EXTERN = NO;
				GCC_WARN_64_TO_32_BIT_CONVERSION = YES;
				GCC_WARN_ABOUT_RETURN_TYPE = YES_ERROR;
				GCC_WARN_UNDECLARED_SELECTOR = YES;
				GCC_WARN_UNINITIALIZED_AUTOS = YES_AGGRESSIVE;
				GCC_WARN_UNUSED_FUNCTION = YES;
				GCC_WARN_UNUSED_VARIABLE = YES;
				IPHONEOS_DEPLOYMENT_TARGET = 8.1;
				MTL_ENABLE_DEBUG_INFO = YES;
				ONLY_ACTIVE_ARCH = YES;
				SDKROOT = iphoneos;
			};
			name = Debug;
		};
		EE7A955A1A2DD35F0057465D /* Release */ = {
			isa = XCBuildConfiguration;
			buildSettings = {
				ALWAYS_SEARCH_USER_PATHS = NO;
				CLANG_CXX_LANGUAGE_STANDARD = "gnu++0x";
				CLANG_CXX_LIBRARY = "libc++";
				CLANG_ENABLE_MODULES = YES;
				CLANG_ENABLE_OBJC_ARC = YES;
				CLANG_WARN_BOOL_CONVERSION = YES;
				CLANG_WARN_CONSTANT_CONVERSION = YES;
				CLANG_WARN_DIRECT_OBJC_ISA_USAGE = YES_ERROR;
				CLANG_WARN_EMPTY_BODY = YES;
				CLANG_WARN_ENUM_CONVERSION = YES;
				CLANG_WARN_INT_CONVERSION = YES;
				CLANG_WARN_OBJC_ROOT_CLASS = YES_ERROR;
				CLANG_WARN_UNREACHABLE_CODE = YES;
				CLANG_WARN__DUPLICATE_METHOD_MATCH = YES;
				"CODE_SIGN_IDENTITY[sdk=iphoneos*]" = "iPhone Developer";
				COPY_PHASE_STRIP = YES;
				ENABLE_NS_ASSERTIONS = NO;
				ENABLE_STRICT_OBJC_MSGSEND = YES;
				GCC_C_LANGUAGE_STANDARD = gnu99;
				GCC_WARN_64_TO_32_BIT_CONVERSION = YES;
				GCC_WARN_ABOUT_RETURN_TYPE = YES_ERROR;
				GCC_WARN_UNDECLARED_SELECTOR = YES;
				GCC_WARN_UNINITIALIZED_AUTOS = YES_AGGRESSIVE;
				GCC_WARN_UNUSED_FUNCTION = YES;
				GCC_WARN_UNUSED_VARIABLE = YES;
				IPHONEOS_DEPLOYMENT_TARGET = 8.1;
				MTL_ENABLE_DEBUG_INFO = NO;
				SDKROOT = iphoneos;
				VALIDATE_PRODUCT = YES;
			};
			name = Release;
		};
		EE7A955C1A2DD35F0057465D /* Debug */ = {
			isa = XCBuildConfiguration;
			baseConfigurationReference = A673F443584A9FBF9488438A /* Pods.debug.xcconfig */;
			buildSettings = {
				ASSETCATALOG_COMPILER_APPICON_NAME = AppIcon;
				ASSETCATALOG_COMPILER_LAUNCHIMAGE_NAME = LaunchImage;
				INFOPLIST_FILE = handsapp/Info.plist;
				LD_RUNPATH_SEARCH_PATHS = "$(inherited) @executable_path/Frameworks";
				PRODUCT_NAME = "$(TARGET_NAME)";
			};
			name = Debug;
		};
		EE7A955D1A2DD35F0057465D /* Release */ = {
			isa = XCBuildConfiguration;
			baseConfigurationReference = CE6E9ABD5190D37393CD1B7A /* Pods.release.xcconfig */;
			buildSettings = {
				ASSETCATALOG_COMPILER_APPICON_NAME = AppIcon;
				ASSETCATALOG_COMPILER_LAUNCHIMAGE_NAME = LaunchImage;
				INFOPLIST_FILE = handsapp/Info.plist;
				LD_RUNPATH_SEARCH_PATHS = "$(inherited) @executable_path/Frameworks";
				PRODUCT_NAME = "$(TARGET_NAME)";
			};
			name = Release;
		};
		EE7A955F1A2DD35F0057465D /* Debug */ = {
			isa = XCBuildConfiguration;
			buildSettings = {
				BUNDLE_LOADER = "$(TEST_HOST)";
				FRAMEWORK_SEARCH_PATHS = (
					"$(SDKROOT)/Developer/Library/Frameworks",
					"$(inherited)",
				);
				GCC_PREPROCESSOR_DEFINITIONS = (
					"DEBUG=1",
					"$(inherited)",
				);
				INFOPLIST_FILE = handsappTests/Info.plist;
				LD_RUNPATH_SEARCH_PATHS = "$(inherited) @executable_path/Frameworks @loader_path/Frameworks";
				PRODUCT_NAME = "$(TARGET_NAME)";
				TEST_HOST = "$(BUILT_PRODUCTS_DIR)/handsapp.app/handsapp";
			};
			name = Debug;
		};
		EE7A95601A2DD35F0057465D /* Release */ = {
			isa = XCBuildConfiguration;
			buildSettings = {
				BUNDLE_LOADER = "$(TEST_HOST)";
				FRAMEWORK_SEARCH_PATHS = (
					"$(SDKROOT)/Developer/Library/Frameworks",
					"$(inherited)",
				);
				INFOPLIST_FILE = handsappTests/Info.plist;
				LD_RUNPATH_SEARCH_PATHS = "$(inherited) @executable_path/Frameworks @loader_path/Frameworks";
				PRODUCT_NAME = "$(TARGET_NAME)";
				TEST_HOST = "$(BUILT_PRODUCTS_DIR)/handsapp.app/handsapp";
			};
			name = Release;
		};
/* End XCBuildConfiguration section */

/* Begin XCConfigurationList section */
		EE7A95331A2DD35E0057465D /* Build configuration list for PBXProject "handsapp" */ = {
			isa = XCConfigurationList;
			buildConfigurations = (
				EE7A95591A2DD35F0057465D /* Debug */,
				EE7A955A1A2DD35F0057465D /* Release */,
			);
			defaultConfigurationIsVisible = 0;
			defaultConfigurationName = Release;
		};
		EE7A955B1A2DD35F0057465D /* Build configuration list for PBXNativeTarget "handsapp" */ = {
			isa = XCConfigurationList;
			buildConfigurations = (
				EE7A955C1A2DD35F0057465D /* Debug */,
				EE7A955D1A2DD35F0057465D /* Release */,
			);
			defaultConfigurationIsVisible = 0;
			defaultConfigurationName = Release;
		};
		EE7A955E1A2DD35F0057465D /* Build configuration list for PBXNativeTarget "handsappTests" */ = {
			isa = XCConfigurationList;
			buildConfigurations = (
				EE7A955F1A2DD35F0057465D /* Debug */,
				EE7A95601A2DD35F0057465D /* Release */,
			);
			defaultConfigurationIsVisible = 0;
			defaultConfigurationName = Release;
		};
/* End XCConfigurationList section */
	};
	rootObject = EE7A95301A2DD35E0057465D /* Project object */;
}
